version = 1
revision = 3
requires-python = ">=3.14"

[[package]]
name = "argcomplete"
version = "3.6.2"
source = { registry = "https://pypi.org/simple" }
sdist = { url = "https://files.pythonhosted.org/packages/16/0f/861e168fc813c56a78b35f3c30d91c6757d1fd185af1110f1aec784b35d0/argcomplete-3.6.2.tar.gz", hash = "sha256:d0519b1bc867f5f4f4713c41ad0aba73a4a5f007449716b16f385f2166dc6adf", size = 73403, upload-time = "2025-04-03T04:57:03.52Z" }
wheels = [
    { url = "https://files.pythonhosted.org/packages/31/da/e42d7a9d8dd33fa775f467e4028a47936da2f01e4b0e561f9ba0d74cb0ca/argcomplete-3.6.2-py3-none-any.whl", hash = "sha256:65b3133a29ad53fb42c48cf5114752c7ab66c1c38544fdf6460f450c09b42591", size = 43708, upload-time = "2025-04-03T04:57:01.591Z" },
]

[[package]]
name = "attrs"
version = "25.4.0"
source = { registry = "https://pypi.org/simple" }
sdist = { url = "https://files.pythonhosted.org/packages/6b/5c/685e6633917e101e5dcb62b9dd76946cbb57c26e133bae9e0cd36033c0a9/attrs-25.4.0.tar.gz", hash = "sha256:16d5969b87f0859ef33a48b35d55ac1be6e42ae49d5e853b597db70c35c57e11", size = 934251, upload-time = "2025-10-06T13:54:44.725Z" }
wheels = [
    { url = "https://files.pythonhosted.org/packages/3a/2a/7cc015f5b9f5db42b7d48157e23356022889fc354a2813c15934b7cb5c0e/attrs-25.4.0-py3-none-any.whl", hash = "sha256:adcf7e2a1fb3b36ac48d97835bb6d8ade15b8dcce26aba8bf1d14847b57a3373", size = 67615, upload-time = "2025-10-06T13:54:43.17Z" },
]

[[package]]
name = "aws-extras"
version = "0.1.0"
source = { virtual = "." }
dependencies = [
    { name = "c7n" },
]

[package.dev-dependencies]
dev = [
    { name = "genson" },
    { name = "jsonschema" },
    { name = "pytest" },
    { name = "pyyaml" },
    { name = "ruamel-yaml" },
    { name = "yamldoc" },
    { name = "yamllint" },
]

[package.metadata]
requires-dist = [{ name = "c7n", specifier = ">=0.9.41" }]

[package.metadata.requires-dev]
dev = [
    { name = "genson" },
    { name = "jsonschema" },
    { name = "pytest" },
    { name = "pyyaml" },
    { name = "ruamel-yaml" },
    { name = "yamldoc" },
    { name = "yamllint" },
]

[[package]]
name = "boto3"
version = "1.40.11"
source = { registry = "https://pypi.org/simple" }
dependencies = [
    { name = "botocore" },
    { name = "jmespath" },
    { name = "s3transfer" },
]
sdist = { url = "https://files.pythonhosted.org/packages/1c/92/3ffa75ed0594ef289dde3dde9e1d62a496515313f11caee499a5dfd2241d/boto3-1.40.11.tar.gz", hash = "sha256:0c03da130467d51c6b940d19be295c56314e14ce0f0464cc86145e98d3c9e983", size = 112060, upload-time = "2025-08-15T19:26:03.724Z" }
wheels = [
    { url = "https://files.pythonhosted.org/packages/51/4a/5d33b6046d425c9b39d36a1171ea87a9c3b297ba116952b81033eae61260/boto3-1.40.11-py3-none-any.whl", hash = "sha256:9d2d211d9cb3efc9a2b2ceec3c510b4e62e389618fd5c871e74d2cbca4561ff5", size = 140072, upload-time = "2025-08-15T19:26:02.09Z" },
]

[[package]]
name = "botocore"
version = "1.40.76"
source = { registry = "https://pypi.org/simple" }
dependencies = [
    { name = "jmespath" },
    { name = "python-dateutil" },
    { name = "urllib3" },
]
sdist = { url = "https://files.pythonhosted.org/packages/07/eb/50e2d280589a3c20c3b649bb66262d2b53a25c03262e4cc492048ac7540a/botocore-1.40.76.tar.gz", hash = "sha256:2b16024d68b29b973005adfb5039adfe9099ebe772d40a90ca89f2e165c495dc", size = 14494001, upload-time = "2025-11-18T20:22:59.131Z" }
wheels = [
    { url = "https://files.pythonhosted.org/packages/7f/6c/522e05388aa6fc66cf8ea46c6b29809a1a6f527ea864998b01ffb368ca36/botocore-1.40.76-py3-none-any.whl", hash = "sha256:fe425d386e48ac64c81cbb4a7181688d813df2e2b4c78b95ebe833c9e868c6f4", size = 14161738, upload-time = "2025-11-18T20:22:55.332Z" },
]

[[package]]
name = "c7n"
version = "0.9.47"
source = { registry = "https://pypi.org/simple" }
dependencies = [
    { name = "argcomplete" },
    { name = "boto3" },
    { name = "cryptography" },
    { name = "jsonschema" },
    { name = "python-dateutil" },
    { name = "pyyaml" },
    { name = "tabulate" },
    { name = "urllib3" },
]
wheels = [
    { url = "https://files.pythonhosted.org/packages/21/32/eb2468c09c947fa830a261ab05222c886d326600d67ce9cb92a8ecc45c10/c7n-0.9.47-py3-none-any.whl", hash = "sha256:00b3be0f87d0501a0a52186a071af5be972ee66cbce12d29286ffbbe5a219ade", size = 696167, upload-time = "2025-09-22T18:14:37.691Z" },
]

[[package]]
name = "cffi"
version = "2.0.0"
source = { registry = "https://pypi.org/simple" }
dependencies = [
    { name = "pycparser", marker = "implementation_name != 'PyPy'" },
]
sdist = { url = "https://files.pythonhosted.org/packages/eb/56/b1ba7935a17738ae8453301356628e8147c79dbb825bcbc73dc7401f9846/cffi-2.0.0.tar.gz", hash = "sha256:44d1b5909021139fe36001ae048dbdde8214afa20200eda0f64c068cac5d5529", size = 523588, upload-time = "2025-09-08T23:24:04.541Z" }
wheels = [
    { url = "https://files.pythonhosted.org/packages/92/c4/3ce07396253a83250ee98564f8d7e9789fab8e58858f35d07a9a2c78de9f/cffi-2.0.0-cp314-cp314-macosx_10_13_x86_64.whl", hash = "sha256:fc33c5141b55ed366cfaad382df24fe7dcbc686de5be719b207bb248e3053dc5", size = 185320, upload-time = "2025-09-08T23:23:18.087Z" },
    { url = "https://files.pythonhosted.org/packages/59/dd/27e9fa567a23931c838c6b02d0764611c62290062a6d4e8ff7863daf9730/cffi-2.0.0-cp314-cp314-macosx_11_0_arm64.whl", hash = "sha256:c654de545946e0db659b3400168c9ad31b5d29593291482c43e3564effbcee13", size = 181487, upload-time = "2025-09-08T23:23:19.622Z" },
    { url = "https://files.pythonhosted.org/packages/d6/43/0e822876f87ea8a4ef95442c3d766a06a51fc5298823f884ef87aaad168c/cffi-2.0.0-cp314-cp314-manylinux2014_aarch64.manylinux_2_17_aarch64.whl", hash = "sha256:24b6f81f1983e6df8db3adc38562c83f7d4a0c36162885ec7f7b77c7dcbec97b", size = 220049, upload-time = "2025-09-08T23:23:20.853Z" },
    { url = "https://files.pythonhosted.org/packages/b4/89/76799151d9c2d2d1ead63c2429da9ea9d7aac304603de0c6e8764e6e8e70/cffi-2.0.0-cp314-cp314-manylinux2014_ppc64le.manylinux_2_17_ppc64le.whl", hash = "sha256:12873ca6cb9b0f0d3a0da705d6086fe911591737a59f28b7936bdfed27c0d47c", size = 207793, upload-time = "2025-09-08T23:23:22.08Z" },
    { url = "https://files.pythonhosted.org/packages/bb/dd/3465b14bb9e24ee24cb88c9e3730f6de63111fffe513492bf8c808a3547e/cffi-2.0.0-cp314-cp314-manylinux2014_s390x.manylinux_2_17_s390x.whl", hash = "sha256:d9b97165e8aed9272a6bb17c01e3cc5871a594a446ebedc996e2397a1c1ea8ef", size = 206300, upload-time = "2025-09-08T23:23:23.314Z" },
    { url = "https://files.pythonhosted.org/packages/47/d9/d83e293854571c877a92da46fdec39158f8d7e68da75bf73581225d28e90/cffi-2.0.0-cp314-cp314-manylinux2014_x86_64.manylinux_2_17_x86_64.whl", hash = "sha256:afb8db5439b81cf9c9d0c80404b60c3cc9c3add93e114dcae767f1477cb53775", size = 219244, upload-time = "2025-09-08T23:23:24.541Z" },
    { url = "https://files.pythonhosted.org/packages/2b/0f/1f177e3683aead2bb00f7679a16451d302c436b5cbf2505f0ea8146ef59e/cffi-2.0.0-cp314-cp314-musllinux_1_2_aarch64.whl", hash = "sha256:737fe7d37e1a1bffe70bd5754ea763a62a066dc5913ca57e957824b72a85e205", size = 222828, upload-time = "2025-09-08T23:23:26.143Z" },
    { url = "https://files.pythonhosted.org/packages/c6/0f/cafacebd4b040e3119dcb32fed8bdef8dfe94da653155f9d0b9dc660166e/cffi-2.0.0-cp314-cp314-musllinux_1_2_x86_64.whl", hash = "sha256:38100abb9d1b1435bc4cc340bb4489635dc2f0da7456590877030c9b3d40b0c1", size = 220926, upload-time = "2025-09-08T23:23:27.873Z" },
    { url = "https://files.pythonhosted.org/packages/3e/aa/df335faa45b395396fcbc03de2dfcab242cd61a9900e914fe682a59170b1/cffi-2.0.0-cp314-cp314-win32.whl", hash = "sha256:087067fa8953339c723661eda6b54bc98c5625757ea62e95eb4898ad5e776e9f", size = 175328, upload-time = "2025-09-08T23:23:44.61Z" },
    { url = "https://files.pythonhosted.org/packages/bb/92/882c2d30831744296ce713f0feb4c1cd30f346ef747b530b5318715cc367/cffi-2.0.0-cp314-cp314-win_amd64.whl", hash = "sha256:203a48d1fb583fc7d78a4c6655692963b860a417c0528492a6bc21f1aaefab25", size = 185650, upload-time = "2025-09-08T23:23:45.848Z" },
    { url = "https://files.pythonhosted.org/packages/9f/2c/98ece204b9d35a7366b5b2c6539c350313ca13932143e79dc133ba757104/cffi-2.0.0-cp314-cp314-win_arm64.whl", hash = "sha256:dbd5c7a25a7cb98f5ca55d258b103a2054f859a46ae11aaf23134f9cc0d356ad", size = 180687, upload-time = "2025-09-08T23:23:47.105Z" },
    { url = "https://files.pythonhosted.org/packages/3e/61/c768e4d548bfa607abcda77423448df8c471f25dbe64fb2ef6d555eae006/cffi-2.0.0-cp314-cp314t-macosx_10_13_x86_64.whl", hash = "sha256:9a67fc9e8eb39039280526379fb3a70023d77caec1852002b4da7e8b270c4dd9", size = 188773, upload-time = "2025-09-08T23:23:29.347Z" },
    { url = "https://files.pythonhosted.org/packages/2c/ea/5f76bce7cf6fcd0ab1a1058b5af899bfbef198bea4d5686da88471ea0336/cffi-2.0.0-cp314-cp314t-macosx_11_0_arm64.whl", hash = "sha256:7a66c7204d8869299919db4d5069a82f1561581af12b11b3c9f48c584eb8743d", size = 185013, upload-time = "2025-09-08T23:23:30.63Z" },
    { url = "https://files.pythonhosted.org/packages/be/b4/c56878d0d1755cf9caa54ba71e5d049479c52f9e4afc230f06822162ab2f/cffi-2.0.0-cp314-cp314t-manylinux2014_aarch64.manylinux_2_17_aarch64.whl", hash = "sha256:7cc09976e8b56f8cebd752f7113ad07752461f48a58cbba644139015ac24954c", size = 221593, upload-time = "2025-09-08T23:23:31.91Z" },
    { url = "https://files.pythonhosted.org/packages/e0/0d/eb704606dfe8033e7128df5e90fee946bbcb64a04fcdaa97321309004000/cffi-2.0.0-cp314-cp314t-manylinux2014_ppc64le.manylinux_2_17_ppc64le.whl", hash = "sha256:92b68146a71df78564e4ef48af17551a5ddd142e5190cdf2c5624d0c3ff5b2e8", size = 209354, upload-time = "2025-09-08T23:23:33.214Z" },
    { url = "https://files.pythonhosted.org/packages/d8/19/3c435d727b368ca475fb8742ab97c9cb13a0de600ce86f62eab7fa3eea60/cffi-2.0.0-cp314-cp314t-manylinux2014_s390x.manylinux_2_17_s390x.whl", hash = "sha256:b1e74d11748e7e98e2f426ab176d4ed720a64412b6a15054378afdb71e0f37dc", size = 208480, upload-time = "2025-09-08T23:23:34.495Z" },
    { url = "https://files.pythonhosted.org/packages/d0/44/681604464ed9541673e486521497406fadcc15b5217c3e326b061696899a/cffi-2.0.0-cp314-cp314t-manylinux2014_x86_64.manylinux_2_17_x86_64.whl", hash = "sha256:28a3a209b96630bca57cce802da70c266eb08c6e97e5afd61a75611ee6c64592", size = 221584, upload-time = "2025-09-08T23:23:36.096Z" },
    { url = "https://files.pythonhosted.org/packages/25/8e/342a504ff018a2825d395d44d63a767dd8ebc927ebda557fecdaca3ac33a/cffi-2.0.0-cp314-cp314t-musllinux_1_2_aarch64.whl", hash = "sha256:7553fb2090d71822f02c629afe6042c299edf91ba1bf94951165613553984512", size = 224443, upload-time = "2025-09-08T23:23:37.328Z" },
    { url = "https://files.pythonhosted.org/packages/e1/5e/b666bacbbc60fbf415ba9988324a132c9a7a0448a9a8f125074671c0f2c3/cffi-2.0.0-cp314-cp314t-musllinux_1_2_x86_64.whl", hash = "sha256:6c6c373cfc5c83a975506110d17457138c8c63016b563cc9ed6e056a82f13ce4", size = 223437, upload-time = "2025-09-08T23:23:38.945Z" },
    { url = "https://files.pythonhosted.org/packages/a0/1d/ec1a60bd1a10daa292d3cd6bb0b359a81607154fb8165f3ec95fe003b85c/cffi-2.0.0-cp314-cp314t-win32.whl", hash = "sha256:1fc9ea04857caf665289b7a75923f2c6ed559b8298a1b8c49e59f7dd95c8481e", size = 180487, upload-time = "2025-09-08T23:23:40.423Z" },
    { url = "https://files.pythonhosted.org/packages/bf/41/4c1168c74fac325c0c8156f04b6749c8b6a8f405bbf91413ba088359f60d/cffi-2.0.0-cp314-cp314t-win_amd64.whl", hash = "sha256:d68b6cef7827e8641e8ef16f4494edda8b36104d79773a334beaa1e3521430f6", size = 191726, upload-time = "2025-09-08T23:23:41.742Z" },
    { url = "https://files.pythonhosted.org/packages/ae/3a/dbeec9d1ee0844c679f6bb5d6ad4e9f198b1224f4e7a32825f47f6192b0c/cffi-2.0.0-cp314-cp314t-win_arm64.whl", hash = "sha256:0a1527a803f0a659de1af2e1fd700213caba79377e27e4693648c2923da066f9", size = 184195, upload-time = "2025-09-08T23:23:43.004Z" },
]

[[package]]
name = "colorama"
version = "0.4.6"
source = { registry = "https://pypi.org/simple" }
sdist = { url = "https://files.pythonhosted.org/packages/d8/53/6f443c9a4a8358a93a6792e2acffb9d9d5cb0a5cfd8802644b7b1c9a02e4/colorama-0.4.6.tar.gz", hash = "sha256:08695f5cb7ed6e0531a20572697297273c47b8cae5a63ffc6d6ed5c201be6e44", size = 27697, upload-time = "2022-10-25T02:36:22.414Z" }
wheels = [
    { url = "https://files.pythonhosted.org/packages/d1/d6/3965ed04c63042e047cb6a3e6ed1a63a35087b6a609aa3a15ed8ac56c221/colorama-0.4.6-py2.py3-none-any.whl", hash = "sha256:4f1d9991f5acc0ca119f9d443620b77f9d6b33703e51011c16baf57afb285fc6", size = 25335, upload-time = "2022-10-25T02:36:20.889Z" },
]

[[package]]
name = "cryptography"
version = "44.0.3"
source = { registry = "https://pypi.org/simple" }
dependencies = [
    { name = "cffi", marker = "platform_python_implementation != 'PyPy'" },
]
sdist = { url = "https://files.pythonhosted.org/packages/53/d6/1411ab4d6108ab167d06254c5be517681f1e331f90edf1379895bcb87020/cryptography-44.0.3.tar.gz", hash = "sha256:fe19d8bc5536a91a24a8133328880a41831b6c5df54599a8417b62fe015d3053", size = 711096, upload-time = "2025-05-02T19:36:04.667Z" }
wheels = [
    { url = "https://files.pythonhosted.org/packages/08/53/c776d80e9d26441bb3868457909b4e74dd9ccabd182e10b2b0ae7a07e265/cryptography-44.0.3-cp37-abi3-macosx_10_9_universal2.whl", hash = "sha256:962bc30480a08d133e631e8dfd4783ab71cc9e33d5d7c1e192f0b7c06397bb88", size = 6670281, upload-time = "2025-05-02T19:34:50.665Z" },
    { url = "https://files.pythonhosted.org/packages/6a/06/af2cf8d56ef87c77319e9086601bef621bedf40f6f59069e1b6d1ec498c5/cryptography-44.0.3-cp37-abi3-manylinux_2_17_aarch64.manylinux2014_aarch64.whl", hash = "sha256:4ffc61e8f3bf5b60346d89cd3d37231019c17a081208dfbbd6e1605ba03fa137", size = 3959305, upload-time = "2025-05-02T19:34:53.042Z" },
    { url = "https://files.pythonhosted.org/packages/ae/01/80de3bec64627207d030f47bf3536889efee8913cd363e78ca9a09b13c8e/cryptography-44.0.3-cp37-abi3-manylinux_2_17_x86_64.manylinux2014_x86_64.whl", hash = "sha256:58968d331425a6f9eedcee087f77fd3c927c88f55368f43ff7e0a19891f2642c", size = 4171040, upload-time = "2025-05-02T19:34:54.675Z" },
    { url = "https://files.pythonhosted.org/packages/bd/48/bb16b7541d207a19d9ae8b541c70037a05e473ddc72ccb1386524d4f023c/cryptography-44.0.3-cp37-abi3-manylinux_2_28_aarch64.whl", hash = "sha256:e28d62e59a4dbd1d22e747f57d4f00c459af22181f0b2f787ea83f5a876d7c76", size = 3963411, upload-time = "2025-05-02T19:34:56.61Z" },
    { url = "https://files.pythonhosted.org/packages/42/b2/7d31f2af5591d217d71d37d044ef5412945a8a8e98d5a2a8ae4fd9cd4489/cryptography-44.0.3-cp37-abi3-manylinux_2_28_armv7l.manylinux_2_31_armv7l.whl", hash = "sha256:af653022a0c25ef2e3ffb2c673a50e5a0d02fecc41608f4954176f1933b12359", size = 3689263, upload-time = "2025-05-02T19:34:58.591Z" },
    { url = "https://files.pythonhosted.org/packages/25/50/c0dfb9d87ae88ccc01aad8eb93e23cfbcea6a6a106a9b63a7b14c1f93c75/cryptography-44.0.3-cp37-abi3-manylinux_2_28_x86_64.whl", hash = "sha256:157f1f3b8d941c2bd8f3ffee0af9b049c9665c39d3da9db2dc338feca5e98a43", size = 4196198, upload-time = "2025-05-02T19:35:00.988Z" },
    { url = "https://files.pythonhosted.org/packages/66/c9/55c6b8794a74da652690c898cb43906310a3e4e4f6ee0b5f8b3b3e70c441/cryptography-44.0.3-cp37-abi3-manylinux_2_34_aarch64.whl", hash = "sha256:c6cd67722619e4d55fdb42ead64ed8843d64638e9c07f4011163e46bc512cf01", size = 3966502, upload-time = "2025-05-02T19:35:03.091Z" },
    { url = "https://files.pythonhosted.org/packages/b6/f7/7cb5488c682ca59a02a32ec5f975074084db4c983f849d47b7b67cc8697a/cryptography-44.0.3-cp37-abi3-manylinux_2_34_x86_64.whl", hash = "sha256:b424563394c369a804ecbee9b06dfb34997f19d00b3518e39f83a5642618397d", size = 4196173, upload-time = "2025-05-02T19:35:05.018Z" },
    { url = "https://files.pythonhosted.org/packages/d2/0b/2f789a8403ae089b0b121f8f54f4a3e5228df756e2146efdf4a09a3d5083/cryptography-44.0.3-cp37-abi3-musllinux_1_2_aarch64.whl", hash = "sha256:c91fc8e8fd78af553f98bc7f2a1d8db977334e4eea302a4bfd75b9461c2d8904", size = 4087713, upload-time = "2025-05-02T19:35:07.187Z" },
    { url = "https://files.pythonhosted.org/packages/1d/aa/330c13655f1af398fc154089295cf259252f0ba5df93b4bc9d9c7d7f843e/cryptography-44.0.3-cp37-abi3-musllinux_1_2_x86_64.whl", hash = "sha256:25cd194c39fa5a0aa4169125ee27d1172097857b27109a45fadc59653ec06f44", size = 4299064, upload-time = "2025-05-02T19:35:08.879Z" },
    { url = "https://files.pythonhosted.org/packages/10/a8/8c540a421b44fd267a7d58a1fd5f072a552d72204a3f08194f98889de76d/cryptography-44.0.3-cp37-abi3-win32.whl", hash = "sha256:3be3f649d91cb182c3a6bd336de8b61a0a71965bd13d1a04a0e15b39c3d5809d", size = 2773887, upload-time = "2025-05-02T19:35:10.41Z" },
    { url = "https://files.pythonhosted.org/packages/b9/0d/c4b1657c39ead18d76bbd122da86bd95bdc4095413460d09544000a17d56/cryptography-44.0.3-cp37-abi3-win_amd64.whl", hash = "sha256:3883076d5c4cc56dbef0b898a74eb6992fdac29a7b9013870b34efe4ddb39a0d", size = 3209737, upload-time = "2025-05-02T19:35:12.12Z" },
    { url = "https://files.pythonhosted.org/packages/34/a3/ad08e0bcc34ad436013458d7528e83ac29910943cea42ad7dd4141a27bbb/cryptography-44.0.3-cp39-abi3-macosx_10_9_universal2.whl", hash = "sha256:5639c2b16764c6f76eedf722dbad9a0914960d3489c0cc38694ddf9464f1bb2f", size = 6673501, upload-time = "2025-05-02T19:35:13.775Z" },
    { url = "https://files.pythonhosted.org/packages/b1/f0/7491d44bba8d28b464a5bc8cc709f25a51e3eac54c0a4444cf2473a57c37/cryptography-44.0.3-cp39-abi3-manylinux_2_17_aarch64.manylinux2014_aarch64.whl", hash = "sha256:f3ffef566ac88f75967d7abd852ed5f182da252d23fac11b4766da3957766759", size = 3960307, upload-time = "2025-05-02T19:35:15.917Z" },
    { url = "https://files.pythonhosted.org/packages/f7/c8/e5c5d0e1364d3346a5747cdcd7ecbb23ca87e6dea4f942a44e88be349f06/cryptography-44.0.3-cp39-abi3-manylinux_2_17_x86_64.manylinux2014_x86_64.whl", hash = "sha256:192ed30fac1728f7587c6f4613c29c584abdc565d7417c13904708db10206645", size = 4170876, upload-time = "2025-05-02T19:35:18.138Z" },
    { url = "https://files.pythonhosted.org/packages/73/96/025cb26fc351d8c7d3a1c44e20cf9a01e9f7cf740353c9c7a17072e4b264/cryptography-44.0.3-cp39-abi3-manylinux_2_28_aarch64.whl", hash = "sha256:7d5fe7195c27c32a64955740b949070f21cba664604291c298518d2e255931d2", size = 3964127, upload-time = "2025-05-02T19:35:19.864Z" },
    { url = "https://files.pythonhosted.org/packages/01/44/eb6522db7d9f84e8833ba3bf63313f8e257729cf3a8917379473fcfd6601/cryptography-44.0.3-cp39-abi3-manylinux_2_28_armv7l.manylinux_2_31_armv7l.whl", hash = "sha256:3f07943aa4d7dad689e3bb1638ddc4944cc5e0921e3c227486daae0e31a05e54", size = 3689164, upload-time = "2025-05-02T19:35:21.449Z" },
    { url = "https://files.pythonhosted.org/packages/68/fb/d61a4defd0d6cee20b1b8a1ea8f5e25007e26aeb413ca53835f0cae2bcd1/cryptography-44.0.3-cp39-abi3-manylinux_2_28_x86_64.whl", hash = "sha256:cb90f60e03d563ca2445099edf605c16ed1d5b15182d21831f58460c48bffb93", size = 4198081, upload-time = "2025-05-02T19:35:23.187Z" },
    { url = "https://files.pythonhosted.org/packages/1b/50/457f6911d36432a8811c3ab8bd5a6090e8d18ce655c22820994913dd06ea/cryptography-44.0.3-cp39-abi3-manylinux_2_34_aarch64.whl", hash = "sha256:ab0b005721cc0039e885ac3503825661bd9810b15d4f374e473f8c89b7d5460c", size = 3967716, upload-time = "2025-05-02T19:35:25.426Z" },
    { url = "https://files.pythonhosted.org/packages/35/6e/dca39d553075980ccb631955c47b93d87d27f3596da8d48b1ae81463d915/cryptography-44.0.3-cp39-abi3-manylinux_2_34_x86_64.whl", hash = "sha256:3bb0847e6363c037df8f6ede57d88eaf3410ca2267fb12275370a76f85786a6f", size = 4197398, upload-time = "2025-05-02T19:35:27.678Z" },
    { url = "https://files.pythonhosted.org/packages/9b/9d/d1f2fe681eabc682067c66a74addd46c887ebacf39038ba01f8860338d3d/cryptography-44.0.3-cp39-abi3-musllinux_1_2_aarch64.whl", hash = "sha256:b0cc66c74c797e1db750aaa842ad5b8b78e14805a9b5d1348dc603612d3e3ff5", size = 4087900, upload-time = "2025-05-02T19:35:29.312Z" },
    { url = "https://files.pythonhosted.org/packages/c4/f5/3599e48c5464580b73b236aafb20973b953cd2e7b44c7c2533de1d888446/cryptography-44.0.3-cp39-abi3-musllinux_1_2_x86_64.whl", hash = "sha256:6866df152b581f9429020320e5eb9794c8780e90f7ccb021940d7f50ee00ae0b", size = 4301067, upload-time = "2025-05-02T19:35:31.547Z" },
    { url = "https://files.pythonhosted.org/packages/a7/6c/d2c48c8137eb39d0c193274db5c04a75dab20d2f7c3f81a7dcc3a8897701/cryptography-44.0.3-cp39-abi3-win32.whl", hash = "sha256:c138abae3a12a94c75c10499f1cbae81294a6f983b3af066390adee73f433028", size = 2775467, upload-time = "2025-05-02T19:35:33.805Z" },
    { url = "https://files.pythonhosted.org/packages/c9/ad/51f212198681ea7b0deaaf8846ee10af99fba4e894f67b353524eab2bbe5/cryptography-44.0.3-cp39-abi3-win_amd64.whl", hash = "sha256:5d186f32e52e66994dce4f766884bcb9c68b8da62d61d9d215bfe5fb56d21334", size = 3210375, upload-time = "2025-05-02T19:35:35.369Z" },
]

[[package]]
name = "genson"
version = "1.3.0"
source = { registry = "https://pypi.org/simple" }
sdist = { url = "https://files.pythonhosted.org/packages/c5/cf/2303c8ad276dcf5ee2ad6cf69c4338fd86ef0f471a5207b069adf7a393cf/genson-1.3.0.tar.gz", hash = "sha256:e02db9ac2e3fd29e65b5286f7135762e2cd8a986537c075b06fc5f1517308e37", size = 34919, upload-time = "2024-05-15T22:08:49.123Z" }
wheels = [
    { url = "https://files.pythonhosted.org/packages/f8/5c/e226de133afd8bb267ec27eead9ae3d784b95b39a287ed404caab39a5f50/genson-1.3.0-py3-none-any.whl", hash = "sha256:468feccd00274cc7e4c09e84b08704270ba8d95232aa280f65b986139cec67f7", size = 21470, upload-time = "2024-05-15T22:08:47.056Z" },
]

[[package]]
name = "iniconfig"
version = "2.3.0"
source = { registry = "https://pypi.org/simple" }
sdist = { url = "https://files.pythonhosted.org/packages/72/34/14ca021ce8e5dfedc35312d08ba8bf51fdd999c576889fc2c24cb97f4f10/iniconfig-2.3.0.tar.gz", hash = "sha256:c76315c77db068650d49c5b56314774a7804df16fee4402c1f19d6d15d8c4730", size = 20503, upload-time = "2025-10-18T21:55:43.219Z" }
wheels = [
    { url = "https://files.pythonhosted.org/packages/cb/b1/3846dd7f199d53cb17f49cba7e651e9ce294d8497c8c150530ed11865bb8/iniconfig-2.3.0-py3-none-any.whl", hash = "sha256:f631c04d2c48c52b84d0d0549c99ff3859c98df65b3101406327ecc7d53fbf12", size = 7484, upload-time = "2025-10-18T21:55:41.639Z" },
]

[[package]]
name = "jmespath"
version = "1.0.1"
source = { registry = "https://pypi.org/simple" }
sdist = { url = "https://files.pythonhosted.org/packages/00/2a/e867e8531cf3e36b41201936b7fa7ba7b5702dbef42922193f05c8976cd6/jmespath-1.0.1.tar.gz", hash = "sha256:90261b206d6defd58fdd5e85f478bf633a2901798906be2ad389150c5c60edbe", size = 25843, upload-time = "2022-06-17T18:00:12.224Z" }
wheels = [
    { url = "https://files.pythonhosted.org/packages/31/b4/b9b800c45527aadd64d5b442f9b932b00648617eb5d63d2c7a6587b7cafc/jmespath-1.0.1-py3-none-any.whl", hash = "sha256:02e2e4cc71b5bcab88332eebf907519190dd9e6e82107fa7f83b1003a6252980", size = 20256, upload-time = "2022-06-17T18:00:10.251Z" },
]

[[package]]
name = "jsonschema"
version = "4.25.1"
source = { registry = "https://pypi.org/simple" }
dependencies = [
    { name = "attrs" },
    { name = "jsonschema-specifications" },
    { name = "referencing" },
    { name = "rpds-py" },
]
sdist = { url = "https://files.pythonhosted.org/packages/74/69/f7185de793a29082a9f3c7728268ffb31cb5095131a9c139a74078e27336/jsonschema-4.25.1.tar.gz", hash = "sha256:e4a9655ce0da0c0b67a085847e00a3a51449e1157f4f75e9fb5aa545e122eb85", size = 357342, upload-time = "2025-08-18T17:03:50.038Z" }
wheels = [
    { url = "https://files.pythonhosted.org/packages/bf/9c/8c95d856233c1f82500c2450b8c68576b4cf1c871db3afac5c34ff84e6fd/jsonschema-4.25.1-py3-none-any.whl", hash = "sha256:3fba0169e345c7175110351d456342c364814cfcf3b964ba4587f22915230a63", size = 90040, upload-time = "2025-08-18T17:03:48.373Z" },
]

[[package]]
name = "jsonschema-specifications"
version = "2025.9.1"
source = { registry = "https://pypi.org/simple" }
dependencies = [
    { name = "referencing" },
]
sdist = { url = "https://files.pythonhosted.org/packages/19/74/a633ee74eb36c44aa6d1095e7cc5569bebf04342ee146178e2d36600708b/jsonschema_specifications-2025.9.1.tar.gz", hash = "sha256:b540987f239e745613c7a9176f3edb72b832a4ac465cf02712288397832b5e8d", size = 32855, upload-time = "2025-09-08T01:34:59.186Z" }
wheels = [
    { url = "https://files.pythonhosted.org/packages/41/45/1a4ed80516f02155c51f51e8cedb3c1902296743db0bbc66608a0db2814f/jsonschema_specifications-2025.9.1-py3-none-any.whl", hash = "sha256:98802fee3a11ee76ecaca44429fda8a41bff98b00a0f2838151b113f210cc6fe", size = 18437, upload-time = "2025-09-08T01:34:57.871Z" },
]

[[package]]
name = "packaging"
version = "25.0"
source = { registry = "https://pypi.org/simple" }
sdist = { url = "https://files.pythonhosted.org/packages/a1/d4/1fc4078c65507b51b96ca8f8c3ba19e6a61c8253c72794544580a7b6c24d/packaging-25.0.tar.gz", hash = "sha256:d443872c98d677bf60f6a1f2f8c1cb748e8fe762d2bf9d3148b5599295b0fc4f", size = 165727, upload-time = "2025-04-19T11:48:59.673Z" }
wheels = [
    { url = "https://files.pythonhosted.org/packages/20/12/38679034af332785aac8774540895e234f4d07f7545804097de4b666afd8/packaging-25.0-py3-none-any.whl", hash = "sha256:29572ef2b1f17581046b3a2227d5c611fb25ec70ca1ba8554b24b0e69331a484", size = 66469, upload-time = "2025-04-19T11:48:57.875Z" },
]

[[package]]
name = "pathspec"
version = "0.12.1"
source = { registry = "https://pypi.org/simple" }
sdist = { url = "https://files.pythonhosted.org/packages/ca/bc/f35b8446f4531a7cb215605d100cd88b7ac6f44ab3fc94870c120ab3adbf/pathspec-0.12.1.tar.gz", hash = "sha256:a482d51503a1ab33b1c67a6c3813a26953dbdc71c31dacaef9a838c4e29f5712", size = 51043, upload-time = "2023-12-10T22:30:45Z" }
wheels = [
    { url = "https://files.pythonhosted.org/packages/cc/20/ff623b09d963f88bfde16306a54e12ee5ea43e9b597108672ff3a408aad6/pathspec-0.12.1-py3-none-any.whl", hash = "sha256:a0d503e138a4c123b27490a4f7beda6a01c6f288df0e4a8b79c7eb0dc7b4cc08", size = 31191, upload-time = "2023-12-10T22:30:43.14Z" },
]

[[package]]
name = "pluggy"
version = "1.6.0"
source = { registry = "https://pypi.org/simple" }
sdist = { url = "https://files.pythonhosted.org/packages/f9/e2/3e91f31a7d2b083fe6ef3fa267035b518369d9511ffab804f839851d2779/pluggy-1.6.0.tar.gz", hash = "sha256:7dcc130b76258d33b90f61b658791dede3486c3e6bfb003ee5c9bfb396dd22f3", size = 69412, upload-time = "2025-05-15T12:30:07.975Z" }
wheels = [
    { url = "https://files.pythonhosted.org/packages/54/20/4d324d65cc6d9205fabedc306948156824eb9f0ee1633355a8f7ec5c66bf/pluggy-1.6.0-py3-none-any.whl", hash = "sha256:e920276dd6813095e9377c0bc5566d94c932c33b27a3e3945d8389c374dd4746", size = 20538, upload-time = "2025-05-15T12:30:06.134Z" },
]

[[package]]
name = "pycparser"
version = "2.23"
source = { registry = "https://pypi.org/simple" }
sdist = { url = "https://files.pythonhosted.org/packages/fe/cf/d2d3b9f5699fb1e4615c8e32ff220203e43b248e1dfcc6736ad9057731ca/pycparser-2.23.tar.gz", hash = "sha256:78816d4f24add8f10a06d6f05b4d424ad9e96cfebf68a4ddc99c65c0720d00c2", size = 173734, upload-time = "2025-09-09T13:23:47.91Z" }
wheels = [
    { url = "https://files.pythonhosted.org/packages/a0/e3/59cd50310fc9b59512193629e1984c1f95e5c8ae6e5d8c69532ccc65a7fe/pycparser-2.23-py3-none-any.whl", hash = "sha256:e5c6e8d3fbad53479cab09ac03729e0a9faf2bee3db8208a550daf5af81a5934", size = 118140, upload-time = "2025-09-09T13:23:46.651Z" },
]

[[package]]
name = "pygments"
version = "2.19.2"
source = { registry = "https://pypi.org/simple" }
sdist = { url = "https://files.pythonhosted.org/packages/b0/77/a5b8c569bf593b0140bde72ea885a803b82086995367bf2037de0159d924/pygments-2.19.2.tar.gz", hash = "sha256:636cb2477cec7f8952536970bc533bc43743542f70392ae026374600add5b887", size = 4968631, upload-time = "2025-06-21T13:39:12.283Z" }
wheels = [
    { url = "https://files.pythonhosted.org/packages/c7/21/705964c7812476f378728bdf590ca4b771ec72385c533964653c68e86bdc/pygments-2.19.2-py3-none-any.whl", hash = "sha256:86540386c03d588bb81d44bc3928634ff26449851e99741617ecb9037ee5ec0b", size = 1225217, upload-time = "2025-06-21T13:39:07.939Z" },
]

[[package]]
name = "pytest"
version = "9.0.1"
source = { registry = "https://pypi.org/simple" }
dependencies = [
    { name = "colorama", marker = "sys_platform == 'win32'" },
    { name = "iniconfig" },
    { name = "packaging" },
    { name = "pluggy" },
    { name = "pygments" },
]
sdist = { url = "https://files.pythonhosted.org/packages/07/56/f013048ac4bc4c1d9be45afd4ab209ea62822fb1598f40687e6bf45dcea4/pytest-9.0.1.tar.gz", hash = "sha256:3e9c069ea73583e255c3b21cf46b8d3c56f6e3a1a8f6da94ccb0fcf57b9d73c8", size = 1564125, upload-time = "2025-11-12T13:05:09.333Z" }
wheels = [
    { url = "https://files.pythonhosted.org/packages/0b/8b/6300fb80f858cda1c51ffa17075df5d846757081d11ab4aa35cef9e6258b/pytest-9.0.1-py3-none-any.whl", hash = "sha256:67be0030d194df2dfa7b556f2e56fb3c3315bd5c8822c6951162b92b32ce7dad", size = 373668, upload-time = "2025-11-12T13:05:07.379Z" },
]

[[package]]
name = "python-dateutil"
version = "2.9.0.post0"
source = { registry = "https://pypi.org/simple" }
dependencies = [
    { name = "six" },
]
sdist = { url = "https://files.pythonhosted.org/packages/66/c0/0c8b6ad9f17a802ee498c46e004a0eb49bc148f2fd230864601a86dcf6db/python-dateutil-2.9.0.post0.tar.gz", hash = "sha256:37dd54208da7e1cd875388217d5e00ebd4179249f90fb72437e91a35459a0ad3", size = 342432, upload-time = "2024-03-01T18:36:20.211Z" }
wheels = [
    { url = "https://files.pythonhosted.org/packages/ec/57/56b9bcc3c9c6a792fcbaf139543cee77261f3651ca9da0c93f5c1221264b/python_dateutil-2.9.0.post0-py2.py3-none-any.whl", hash = "sha256:a8b2bc7bffae282281c8140a97d3aa9c14da0b136dfe83f850eea9a5f7470427", size = 229892, upload-time = "2024-03-01T18:36:18.57Z" },
]

[[package]]
name = "pyyaml"
version = "6.0.2"
source = { registry = "https://pypi.org/simple" }
sdist = { url = "https://files.pythonhosted.org/packages/54/ed/79a089b6be93607fa5cdaedf301d7dfb23af5f25c398d5ead2525b063e17/pyyaml-6.0.2.tar.gz", hash = "sha256:d584d9ec91ad65861cc08d42e834324ef890a082e591037abe114850ff7bbc3e", size = 130631, upload-time = "2024-08-06T20:33:50.674Z" }

[[package]]
name = "referencing"
version = "0.37.0"
source = { registry = "https://pypi.org/simple" }
dependencies = [
    { name = "attrs" },
    { name = "rpds-py" },
]
sdist = { url = "https://files.pythonhosted.org/packages/22/f5/df4e9027acead3ecc63e50fe1e36aca1523e1719559c499951bb4b53188f/referencing-0.37.0.tar.gz", hash = "sha256:44aefc3142c5b842538163acb373e24cce6632bd54bdb01b21ad5863489f50d8", size = 78036, upload-time = "2025-10-13T15:30:48.871Z" }
wheels = [
    { url = "https://files.pythonhosted.org/packages/2c/58/ca301544e1fa93ed4f80d724bf5b194f6e4b945841c5bfd555878eea9fcb/referencing-0.37.0-py3-none-any.whl", hash = "sha256:381329a9f99628c9069361716891d34ad94af76e461dcb0335825aecc7692231", size = 26766, upload-time = "2025-10-13T15:30:47.625Z" },
]

[[package]]
name = "rpds-py"
version = "0.29.0"
source = { registry = "https://pypi.org/simple" }
sdist = { url = "https://files.pythonhosted.org/packages/98/33/23b3b3419b6a3e0f559c7c0d2ca8fc1b9448382b25245033788785921332/rpds_py-0.29.0.tar.gz", hash = "sha256:fe55fe686908f50154d1dc599232016e50c243b438c3b7432f24e2895b0e5359", size = 69359, upload-time = "2025-11-16T14:50:39.532Z" }
wheels = [
    { url = "https://files.pythonhosted.org/packages/89/b1/0b1474e7899371d9540d3bbb2a499a3427ae1fc39c998563fe9035a1073b/rpds_py-0.29.0-cp314-cp314-macosx_10_12_x86_64.whl", hash = "sha256:394d27e4453d3b4d82bb85665dc1fcf4b0badc30fc84282defed71643b50e1a1", size = 363731, upload-time = "2025-11-16T14:49:26.683Z" },
    { url = "https://files.pythonhosted.org/packages/28/12/3b7cf2068d0a334ed1d7b385a9c3c8509f4c2bcba3d4648ea71369de0881/rpds_py-0.29.0-cp314-cp314-macosx_11_0_arm64.whl", hash = "sha256:55d827b2ae95425d3be9bc9a5838b6c29d664924f98146557f7715e331d06df8", size = 354343, upload-time = "2025-11-16T14:49:28.24Z" },
    { url = "https://files.pythonhosted.org/packages/eb/73/5afcf8924bc02a749416eda64e17ac9c9b28f825f4737385295a0e99b0c1/rpds_py-0.29.0-cp314-cp314-manylinux_2_17_aarch64.manylinux2014_aarch64.whl", hash = "sha256:fc31a07ed352e5462d3ee1b22e89285f4ce97d5266f6d1169da1142e78045626", size = 385406, upload-time = "2025-11-16T14:49:29.943Z" },
    { url = "https://files.pythonhosted.org/packages/c8/37/5db736730662508535221737a21563591b6f43c77f2e388951c42f143242/rpds_py-0.29.0-cp314-cp314-manylinux_2_17_armv7l.manylinux2014_armv7l.whl", hash = "sha256:c4695dd224212f6105db7ea62197144230b808d6b2bba52238906a2762f1d1e7", size = 396162, upload-time = "2025-11-16T14:49:31.833Z" },
    { url = "https://files.pythonhosted.org/packages/70/0d/491c1017d14f62ce7bac07c32768d209a50ec567d76d9f383b4cfad19b80/rpds_py-0.29.0-cp314-cp314-manylinux_2_17_ppc64le.manylinux2014_ppc64le.whl", hash = "sha256:fcae1770b401167f8b9e1e3f566562e6966ffa9ce63639916248a9e25fa8a244", size = 517719, upload-time = "2025-11-16T14:49:33.804Z" },
    { url = "https://files.pythonhosted.org/packages/d7/25/b11132afcb17cd5d82db173f0c8dab270ffdfaba43e5ce7a591837ae9649/rpds_py-0.29.0-cp314-cp314-manylinux_2_17_s390x.manylinux2014_s390x.whl", hash = "sha256:90f30d15f45048448b8da21c41703b31c61119c06c216a1bf8c245812a0f0c17", size = 409498, upload-time = "2025-11-16T14:49:35.222Z" },
    { url = "https://files.pythonhosted.org/packages/0f/7d/e6543cedfb2e6403a1845710a5ab0e0ccf8fc288e0b5af9a70bfe2c12053/rpds_py-0.29.0-cp314-cp314-manylinux_2_17_x86_64.manylinux2014_x86_64.whl", hash = "sha256:44a91e0ab77bdc0004b43261a4b8cd6d6b451e8d443754cfda830002b5745b32", size = 382743, upload-time = "2025-11-16T14:49:36.704Z" },
    { url = "https://files.pythonhosted.org/packages/75/11/a4ebc9f654293ae9fefb83b2b6be7f3253e85ea42a5db2f77d50ad19aaeb/rpds_py-0.29.0-cp314-cp314-manylinux_2_31_riscv64.whl", hash = "sha256:4aa195e5804d32c682e453b34474f411ca108e4291c6a0f824ebdc30a91c973c", size = 400317, upload-time = "2025-11-16T14:49:39.132Z" },
    { url = "https://files.pythonhosted.org/packages/52/18/97677a60a81c7f0e5f64e51fb3f8271c5c8fcabf3a2df18e97af53d7c2bf/rpds_py-0.29.0-cp314-cp314-manylinux_2_5_i686.manylinux1_i686.whl", hash = "sha256:7971bdb7bf4ee0f7e6f67fa4c7fbc6019d9850cc977d126904392d363f6f8318", size = 416979, upload-time = "2025-11-16T14:49:40.575Z" },
    { url = "https://files.pythonhosted.org/packages/f0/69/28ab391a9968f6c746b2a2db181eaa4d16afaa859fedc9c2f682d19f7e18/rpds_py-0.29.0-cp314-cp314-musllinux_1_2_aarch64.whl", hash = "sha256:8ae33ad9ce580c7a47452c3b3f7d8a9095ef6208e0a0c7e4e2384f9fc5bf8212", size = 567288, upload-time = "2025-11-16T14:49:42.24Z" },
    { url = "https://files.pythonhosted.org/packages/3b/d3/0c7afdcdb830eee94f5611b64e71354ffe6ac8df82d00c2faf2bfffd1d4e/rpds_py-0.29.0-cp314-cp314-musllinux_1_2_i686.whl", hash = "sha256:c661132ab2fb4eeede2ef69670fd60da5235209874d001a98f1542f31f2a8a94", size = 593157, upload-time = "2025-11-16T14:49:43.782Z" },
    { url = "https://files.pythonhosted.org/packages/e2/ac/a0fcbc2feed4241cf26d32268c195eb88ddd4bd862adfc9d4b25edfba535/rpds_py-0.29.0-cp314-cp314-musllinux_1_2_x86_64.whl", hash = "sha256:bb78b3a0d31ac1bde132c67015a809948db751cb4e92cdb3f0b242e430b6ed0d", size = 554741, upload-time = "2025-11-16T14:49:45.557Z" },
    { url = "https://files.pythonhosted.org/packages/0f/f1/fcc24137c470df8588674a677f33719d5800ec053aaacd1de8a5d5d84d9e/rpds_py-0.29.0-cp314-cp314-win32.whl", hash = "sha256:f475f103488312e9bd4000bc890a95955a07b2d0b6e8884aef4be56132adbbf1", size = 215508, upload-time = "2025-11-16T14:49:47.562Z" },
    { url = "https://files.pythonhosted.org/packages/7b/c7/1d169b2045512eac019918fc1021ea07c30e84a4343f9f344e3e0aa8c788/rpds_py-0.29.0-cp314-cp314-win_amd64.whl", hash = "sha256:b9cf2359a4fca87cfb6801fae83a76aedf66ee1254a7a151f1341632acf67f1b", size = 228125, upload-time = "2025-11-16T14:49:49.064Z" },
    { url = "https://files.pythonhosted.org/packages/be/36/0cec88aaba70ec4a6e381c444b0d916738497d27f0c30406e3d9fcbd3bc2/rpds_py-0.29.0-cp314-cp314-win_arm64.whl", hash = "sha256:9ba8028597e824854f0f1733d8b964e914ae3003b22a10c2c664cb6927e0feb9", size = 221992, upload-time = "2025-11-16T14:49:50.777Z" },
    { url = "https://files.pythonhosted.org/packages/b1/fa/a2e524631717c9c0eb5d90d30f648cfba6b731047821c994acacb618406c/rpds_py-0.29.0-cp314-cp314t-macosx_10_12_x86_64.whl", hash = "sha256:e71136fd0612556b35c575dc2726ae04a1669e6a6c378f2240312cf5d1a2ab10", size = 366425, upload-time = "2025-11-16T14:49:52.691Z" },
    { url = "https://files.pythonhosted.org/packages/a2/a4/6d43ebe0746ff694a30233f63f454aed1677bd50ab7a59ff6b2bb5ac61f2/rpds_py-0.29.0-cp314-cp314t-macosx_11_0_arm64.whl", hash = "sha256:76fe96632d53f3bf0ea31ede2f53bbe3540cc2736d4aec3b3801b0458499ef3a", size = 355282, upload-time = "2025-11-16T14:49:54.292Z" },
    { url = "https://files.pythonhosted.org/packages/fa/a7/52fd8270e0320b09eaf295766ae81dd175f65394687906709b3e75c71d06/rpds_py-0.29.0-cp314-cp314t-manylinux_2_17_aarch64.manylinux2014_aarch64.whl", hash = "sha256:9459a33f077130dbb2c7c3cea72ee9932271fb3126404ba2a2661e4fe9eb7b79", size = 384968, upload-time = "2025-11-16T14:49:55.857Z" },
    { url = "https://files.pythonhosted.org/packages/f4/7d/e6bc526b7a14e1ef80579a52c1d4ad39260a058a51d66c6039035d14db9d/rpds_py-0.29.0-cp314-cp314t-manylinux_2_17_armv7l.manylinux2014_armv7l.whl", hash = "sha256:5c9546cfdd5d45e562cc0444b6dddc191e625c62e866bf567a2c69487c7ad28a", size = 394714, upload-time = "2025-11-16T14:49:57.343Z" },
    { url = "https://files.pythonhosted.org/packages/c0/3f/f0ade3954e7db95c791e7eaf978aa7e08a756d2046e8bdd04d08146ed188/rpds_py-0.29.0-cp314-cp314t-manylinux_2_17_ppc64le.manylinux2014_ppc64le.whl", hash = "sha256:12597d11d97b8f7e376c88929a6e17acb980e234547c92992f9f7c058f1a7310", size = 520136, upload-time = "2025-11-16T14:49:59.162Z" },
    { url = "https://files.pythonhosted.org/packages/87/b3/07122ead1b97009715ab9d4082be6d9bd9546099b2b03fae37c3116f72be/rpds_py-0.29.0-cp314-cp314t-manylinux_2_17_s390x.manylinux2014_s390x.whl", hash = "sha256:28de03cf48b8a9e6ec10318f2197b83946ed91e2891f651a109611be4106ac4b", size = 409250, upload-time = "2025-11-16T14:50:00.698Z" },
    { url = "https://files.pythonhosted.org/packages/c9/c6/dcbee61fd1dc892aedcb1b489ba661313101aa82ec84b1a015d4c63ebfda/rpds_py-0.29.0-cp314-cp314t-manylinux_2_17_x86_64.manylinux2014_x86_64.whl", hash = "sha256:fd7951c964069039acc9d67a8ff1f0a7f34845ae180ca542b17dc1456b1f1808", size = 384940, upload-time = "2025-11-16T14:50:02.312Z" },
    { url = "https://files.pythonhosted.org/packages/47/11/914ecb6f3574cf9bf8b38aced4063e0f787d6e1eb30b181a7efbc6c1da9a/rpds_py-0.29.0-cp314-cp314t-manylinux_2_31_riscv64.whl", hash = "sha256:c07d107b7316088f1ac0177a7661ca0c6670d443f6fe72e836069025e6266761", size = 399392, upload-time = "2025-11-16T14:50:03.829Z" },
    { url = "https://files.pythonhosted.org/packages/f5/fd/2f4bd9433f58f816434bb934313584caa47dbc6f03ce5484df8ac8980561/rpds_py-0.29.0-cp314-cp314t-manylinux_2_5_i686.manylinux1_i686.whl", hash = "sha256:1de2345af363d25696969befc0c1688a6cb5e8b1d32b515ef84fc245c6cddba3", size = 416796, upload-time = "2025-11-16T14:50:05.558Z" },
    { url = "https://files.pythonhosted.org/packages/79/a5/449f0281af33efa29d5c71014399d74842342ae908d8cd38260320167692/rpds_py-0.29.0-cp314-cp314t-musllinux_1_2_aarch64.whl", hash = "sha256:00e56b12d2199ca96068057e1ae7f9998ab6e99cda82431afafd32f3ec98cca9", size = 566843, upload-time = "2025-11-16T14:50:07.243Z" },
    { url = "https://files.pythonhosted.org/packages/ab/32/0a6a1ccee2e37fcb1b7ba9afde762b77182dbb57937352a729c6cd3cf2bb/rpds_py-0.29.0-cp314-cp314t-musllinux_1_2_i686.whl", hash = "sha256:3919a3bbecee589300ed25000b6944174e07cd20db70552159207b3f4bbb45b8", size = 593956, upload-time = "2025-11-16T14:50:09.029Z" },
    { url = "https://files.pythonhosted.org/packages/4a/3d/eb820f95dce4306f07a495ede02fb61bef36ea201d9137d4fcd5ab94ec1e/rpds_py-0.29.0-cp314-cp314t-musllinux_1_2_x86_64.whl", hash = "sha256:e7fa2ccc312bbd91e43aa5e0869e46bc03278a3dddb8d58833150a18b0f0283a", size = 557288, upload-time = "2025-11-16T14:50:10.73Z" },
    { url = "https://files.pythonhosted.org/packages/e9/f8/b8ff786f40470462a252918e0836e0db903c28e88e3eec66bc4a7856ee5d/rpds_py-0.29.0-cp314-cp314t-win32.whl", hash = "sha256:97c817863ffc397f1e6a6e9d2d89fe5408c0a9922dac0329672fb0f35c867ea5", size = 211382, upload-time = "2025-11-16T14:50:12.827Z" },
    { url = "https://files.pythonhosted.org/packages/c9/7f/1a65ae870bc9d0576aebb0c501ea5dccf1ae2178fe2821042150ebd2e707/rpds_py-0.29.0-cp314-cp314t-win_amd64.whl", hash = "sha256:2023473f444752f0f82a58dfcbee040d0a1b3d1b3c2ec40e884bd25db6d117d2", size = 225919, upload-time = "2025-11-16T14:50:14.734Z" },
]

[[package]]
name = "ruamel-yaml"
version = "0.18.16"
source = { registry = "https://pypi.org/simple" }
sdist = { url = "https://files.pythonhosted.org/packages/9f/c7/ee630b29e04a672ecfc9b63227c87fd7a37eb67c1bf30fe95376437f897c/ruamel.yaml-0.18.16.tar.gz", hash = "sha256:a6e587512f3c998b2225d68aa1f35111c29fad14aed561a26e73fab729ec5e5a", size = 147269, upload-time = "2025-10-22T17:54:02.346Z" }
wheels = [
    { url = "https://files.pythonhosted.org/packages/0f/73/bb1bc2529f852e7bf64a2dec885e89ff9f5cc7bbf6c9340eed30ff2c69c5/ruamel.yaml-0.18.16-py3-none-any.whl", hash = "sha256:048f26d64245bae57a4f9ef6feb5b552a386830ef7a826f235ffb804c59efbba", size = 119858, upload-time = "2025-10-22T17:53:59.012Z" },
]

[[package]]
name = "s3transfer"
version = "0.13.1"
source = { registry = "https://pypi.org/simple" }
dependencies = [
    { name = "botocore" },
]
sdist = { url = "https://files.pythonhosted.org/packages/6d/05/d52bf1e65044b4e5e27d4e63e8d1579dbdec54fce685908ae09bc3720030/s3transfer-0.13.1.tar.gz", hash = "sha256:c3fdba22ba1bd367922f27ec8032d6a1cf5f10c934fb5d68cf60fd5a23d936cf", size = 150589, upload-time = "2025-07-18T19:22:42.31Z" }
wheels = [
    { url = "https://files.pythonhosted.org/packages/6d/4f/d073e09df851cfa251ef7840007d04db3293a0482ce607d2b993926089be/s3transfer-0.13.1-py3-none-any.whl", hash = "sha256:a981aa7429be23fe6dfc13e80e4020057cbab622b08c0315288758d67cabc724", size = 85308, upload-time = "2025-07-18T19:22:40.947Z" },
]

[[package]]
name = "six"
version = "1.17.0"
source = { registry = "https://pypi.org/simple" }
sdist = { url = "https://files.pythonhosted.org/packages/94/e7/b2c673351809dca68a0e064b6af791aa332cf192da575fd474ed7d6f16a2/six-1.17.0.tar.gz", hash = "sha256:ff70335d468e7eb6ec65b95b99d3a2836546063f63acc5171de367e834932a81", size = 34031, upload-time = "2024-12-04T17:35:28.174Z" }
wheels = [
    { url = "https://files.pythonhosted.org/packages/b7/ce/149a00dd41f10bc29e5921b496af8b574d8413afcd5e30dfa0ed46c2cc5e/six-1.17.0-py2.py3-none-any.whl", hash = "sha256:4721f391ed90541fddacab5acf947aa0d3dc7d27b2e1e8eda2be8970586c3274", size = 11050, upload-time = "2024-12-04T17:35:26.475Z" },
]

[[package]]
name = "tabulate"
version = "0.9.0"
source = { registry = "https://pypi.org/simple" }
sdist = { url = "https://files.pythonhosted.org/packages/ec/fe/802052aecb21e3797b8f7902564ab6ea0d60ff8ca23952079064155d1ae1/tabulate-0.9.0.tar.gz", hash = "sha256:0095b12bf5966de529c0feb1fa08671671b3368eec77d7ef7ab114be2c068b3c", size = 81090, upload-time = "2022-10-06T17:21:48.54Z" }
wheels = [
    { url = "https://files.pythonhosted.org/packages/40/44/4a5f08c96eb108af5cb50b41f76142f0afa346dfa99d5296fe7202a11854/tabulate-0.9.0-py3-none-any.whl", hash = "sha256:024ca478df22e9340661486f85298cff5f6dcdba14f3813e8830015b9ed1948f", size = 35252, upload-time = "2022-10-06T17:21:44.262Z" },
]

[[package]]
name = "urllib3"
version = "2.5.0"
source = { registry = "https://pypi.org/simple" }
sdist = { url = "https://files.pythonhosted.org/packages/15/22/9ee70a2574a4f4599c47dd506532914ce044817c7752a79b6a51286319bc/urllib3-2.5.0.tar.gz", hash = "sha256:3fc47733c7e419d4bc3f6b3dc2b4f890bb743906a30d56ba4a5bfa4bbff92760", size = 393185, upload-time = "2025-06-18T14:07:41.644Z" }
wheels = [
    { url = "https://files.pythonhosted.org/packages/a7/c2/fe1e52489ae3122415c51f387e221dd0773709bad6c6cdaa599e8a2c5185/urllib3-2.5.0-py3-none-any.whl", hash = "sha256:e6b01673c0fa6a13e374b50871808eb3bf7046c4b125b216f6bf1cc604cff0dc", size = 129795, upload-time = "2025-06-18T14:07:40.39Z" },
]

[[package]]
name = "yamldoc"
version = "0.1.6"
source = { registry = "https://pypi.org/simple" }
sdist = { url = "https://files.pythonhosted.org/packages/d7/dc/4d6c240a8b26ebc01fa791e232b246de1eda1a3cb7c2759321fb3aed26c4/yamldoc-0.1.6.tar.gz", hash = "sha256:eb169566e8c1cf732b37b15537af05ce84df37372cdf496986501aa532b7d273", size = 9718, upload-time = "2022-03-25T22:12:12.354Z" }
wheels = [
    { url = "https://files.pythonhosted.org/packages/ed/c2/9ac305aefd640a68976e40222fd72c29f4ff8af2473f595830e2263456cc/yamldoc-0.1.6-py3-none-any.whl", hash = "sha256:ead03fa89f9d736a11b6f627a4a2f48cf32fee27877ad45d966b06749d91fc99", size = 9124, upload-time = "2022-03-25T22:12:09.794Z" },
]

[[package]]
name = "yamllint"
version = "1.37.1"
source = { registry = "https://pypi.org/simple" }
dependencies = [
    { name = "pathspec" },
    { name = "pyyaml" },
]
sdist = { url = "https://files.pythonhosted.org/packages/46/f2/cd8b7584a48ee83f0bc94f8a32fea38734cefcdc6f7324c4d3bfc699457b/yamllint-1.37.1.tar.gz", hash = "sha256:81f7c0c5559becc8049470d86046b36e96113637bcbe4753ecef06977c00245d", size = 141613, upload-time = "2025-05-04T08:25:54.355Z" }
wheels = [
    { url = "https://files.pythonhosted.org/packages/dd/b9/be7a4cfdf47e03785f657f94daea8123e838d817be76c684298305bd789f/yamllint-1.37.1-py3-none-any.whl", hash = "sha256:364f0d79e81409f591e323725e6a9f4504c8699ddf2d7263d8d2b539cd66a583", size = 68813, upload-time = "2025-05-04T08:25:52.552Z" },
]
